
Microsoft Visual Studio Solution File, Format Version 12.00
# Visual Studio 2013
VisualStudioVersion = 12.0.30723.0
MinimumVisualStudioVersion = 10.0.40219.1
Project("{FAE04EC0-301F-11D3-BF4B-00C04F79EFBC}") = "QuickShop", "QuickShop\QuickShop.csproj", "{5FA5A53C-3F44-42E9-8B3E-AD0BFE7BEC65}"
EndProject
Project("{FAE04EC0-301F-11D3-BF4B-00C04F79EFBC}") = "QSBussinessLogic", "QSBussinessLogic\QSBussinessLogic.csproj", "{154029F5-3660-4582-978D-AA144DF45B35}"
EndProject
Project("{FAE04EC0-301F-11D3-BF4B-00C04F79EFBC}") = "QSDataAccess", "QSDataAccess\QSDataAccess.csproj", "{294526C3-B0C2-437F-8F03-38EF88263F6F}"
EndProject
Global
	GlobalSection(SolutionConfigurationPlatforms) = preSolution
		Debug|Any CPU = Debug|Any CPU
		Release|Any CPU = Release|Any CPU
	EndGlobalSection
	GlobalSection(ProjectConfigurationPlatforms) = postSolution
		{5FA5A53C-3F44-42E9-8B3E-AD0BFE7BEC65}.Debug|Any CPU.ActiveCfg = Debug|Any CPU
		{5FA5A53C-3F44-42E9-8B3E-AD0BFE7BEC65}.Debug|Any CPU.Build.0 = Debug|Any CPU
		{5FA5A53C-3F44-42E9-8B3E-AD0BFE7BEC65}.Release|Any CPU.ActiveCfg = Release|Any CPU
		{5FA5A53C-3F44-42E9-8B3E-AD0BFE7BEC65}.Release|Any CPU.Build.0 = Release|Any CPU
		{154029F5-3660-4582-978D-AA144DF45B35}.Debug|Any CPU.ActiveCfg = Debug|Any CPU
		{154029F5-3660-4582-978D-AA144DF45B35}.Debug|Any CPU.Build.0 = Debug|Any CPU
		{154029F5-3660-4582-978D-AA144DF45B35}.Release|Any CPU.ActiveCfg = Release|Any CPU
		{154029F5-3660-4582-978D-AA144DF45B35}.Release|Any CPU.Build.0 = Release|Any CPU
		{294526C3-B0C2-437F-8F03-38EF88263F6F}.Debug|Any CPU.ActiveCfg = Debug|Any CPU
		{294526C3-B0C2-437F-8F03-38EF88263F6F}.Debug|Any CPU.Build.0 = Debug|Any CPU
		{294526C3-B0C2-437F-8F03-38EF88263F6F}.Release|Any CPU.ActiveCfg = Release|Any CPU
		{294526C3-B0C2-437F-8F03-38EF88263F6F}.Release|Any CPU.Build.0 = Release|Any CPU
	EndGlobalSection
	GlobalSection(SolutionProperties) = preSolution
		HideSolutionNode = FALSE
	EndGlobalSection
EndGlobal
